lockfileVersion: '6.0'

settings:
  autoInstallPeers: true
  excludeLinksFromLockfile: false

dependencies:
  fast-xml-parser:
    specifier: ^4.3.5
    version: 4.3.5

packages:

  /fast-xml-parser@4.3.5:
    resolution: {integrity: sha512-sWvP1Pl8H03B8oFJpFR3HE31HUfwtX7Rlf9BNsvdpujD4n7WMhfmu8h9wOV2u+c1k0ZilTADhPqypzx2J690ZQ==}
    hasBin: true
    dependencies:
      strnum: 1.0.5
    dev: false

  /strnum@1.0.5:
    resolution: {integrity: sha512-J8bbNyKKXl5qYcR36TIO8W3mVGVHrmmxsd5PAItGkmyzwJvybiw2IVq5nqd0i4LSNSkB/sx9VHllbfFdr9k1JA==}
    dev: false
